<?xml version="1.0" encoding="utf-8"?>
<Project ToolsVersion="4.0" xmlns="http://schemas.microsoft.com/developer/msbuild/2003">
  <ItemGroup>
    <Filter Include="Source Files">
      <UniqueIdentifier>{4FC737F1-C7A5-4376-A066-2A32D752A2FF}</UniqueIdentifier>
      <Extensions>cpp;c;cc;cxx;c++;cppm;ixx;def;odl;idl;hpj;bat;asm;asmx</Extensions>
    </Filter>
    <Filter Include="Header Files">
      <UniqueIdentifier>{93995380-89BD-4b04-88EB-625FBE52EBFB}</UniqueIdentifier>
      <Extensions>h;hh;hpp;hxx;h++;hm;inl;inc;ipp;xsd</Extensions>
    </Filter>
    <Filter Include="Resource Files">
      <UniqueIdentifier>{67DA6AB6-F800-4c08-8B7A-83BB121AAD01}</UniqueIdentifier>
      <Extensions>rc;ico;cur;bmp;dlg;rc2;rct;bin;rgs;gif;jpg;jpeg;jpe;resx;tiff;tif;png;wav;mfcribbon-ms</Extensions>
    </Filter>
    <Filter Include="Header Files\convolutions">
      <UniqueIdentifier>{d8fd7ca8-cb32-47e9-af9b-8ccec0c3de71}</UniqueIdentifier>
    </Filter>
    <Filter Include="Source Files\convolutions">
      <UniqueIdentifier>{c7f16621-0102-48cc-a43e-5e1fd73af75f}</UniqueIdentifier>
    </Filter>
    <Filter Include="Header Files\transformations">
      <UniqueIdentifier>{826ad2ec-ab69-4231-ade1-abc68e37ea6c}</UniqueIdentifier>
    </Filter>
    <Filter Include="Source Files\transformations">
      <UniqueIdentifier>{65453876-0dc1-4b3a-848e-60069c8b1b5e}</UniqueIdentifier>
    </Filter>
  </ItemGroup>
  <ItemGroup>
    <ClCompile Include="main.cpp">
      <Filter>Source Files</Filter>
    </ClCompile>
    <ClCompile Include="utils.cpp">
      <Filter>Source Files</Filter>
    </ClCompile>
    <ClCompile Include="convolutions\Convolutions.cpp">
      <Filter>Source Files\convolutions</Filter>
    </ClCompile>
    <ClCompile Include="transformations\transformations.cpp">
      <Filter>Source Files\transformations</Filter>
    </ClCompile>
  </ItemGroup>
  <ItemGroup>
    <ClInclude Include="utils.h">
      <Filter>Header Files</Filter>
    </ClInclude>
    <ClInclude Include="convolutions\Convolutions.h">
      <Filter>Header Files\convolutions</Filter>
    </ClInclude>
    <ClInclude Include="transformations\transformations.h">
      <Filter>Header Files\transformations</Filter>
    </ClInclude>
  </ItemGroup>
  <ItemGroup>
    <Image Include="images\cat.jpg">
      <Filter>Resource Files</Filter>
    </Image>
  </ItemGroup>
  <ItemGroup>
    <None Include="..\.gitignore">
      <Filter>Resource Files</Filter>
    </None>
  </ItemGroup>
</Project>